
Microsoft Visual Studio Solution File, Format Version 12.00
Project("{FAE04EC0-301F-11D3-BF4B-00C04F79EFBC}") = "Space_Invaders", "Space_Invaders\Space_Invaders.csproj", "{8283F948-4E15-4D24-917F-A07B11DC86DD}"
EndProject
Global
	GlobalSection(SolutionConfigurationPlatforms) = preSolution
		Debug|Any CPU = Debug|Any CPU
		Release|Any CPU = Release|Any CPU
	EndGlobalSection
	GlobalSection(ProjectConfigurationPlatforms) = postSolution
		{8283F948-4E15-4D24-917F-A07B11DC86DD}.Debug|Any CPU.ActiveCfg = Debug|Any CPU
		{8283F948-4E15-4D24-917F-A07B11DC86DD}.Debug|Any CPU.Build.0 = Debug|Any CPU
		{8283F948-4E15-4D24-917F-A07B11DC86DD}.Release|Any CPU.ActiveCfg = Release|Any CPU
		{8283F948-4E15-4D24-917F-A07B11DC86DD}.Release|Any CPU.Build.0 = Release|Any CPU
	EndGlobalSection
EndGlobal
